{
  "name": "custom_table_rails",
  "version": "1.0.10",
  "lockfileVersion": 3,
  "requires": true,
  "packages": {
    "": {
      "name": "custom_table_rails",
      "version": "1.0.10",
      "license": "ISC",
      "dependencies": {
        "flatpickr": "^4.6.13",
        "sortablejs": "^1.15.0",
        "stimulus": "^3.2.2"
      }
    },
    "node_modules/@hotwired/stimulus": {
      "version": "3.2.2",
      "license": "MIT"
    },
    "node_modules/@hotwired/stimulus-webpack-helpers": {
      "version": "1.0.1",
      "resolved": "https://registry.npmjs.org/@hotwired/stimulus-webpack-helpers/-/stimulus-webpack-helpers-1.0.1.tgz",
      "integrity": "sha512-wa/zupVG0eWxRYJjC1IiPBdt3Lruv0RqGN+/DTMmUWUyMAEB27KXmVY6a8YpUVTM7QwVuaLNGW4EqDgrS2upXQ==",
      "license": "MIT",
      "peerDependencies": {
        "@hotwired/stimulus": ">= 3.0"
      }
    },
    "node_modules/flatpickr": {
      "version": "4.6.13",
      "resolved": "https://registry.npmjs.org/flatpickr/-/flatpickr-4.6.13.tgz",
      "integrity": "sha512-97PMG/aywoYpB4IvbvUJi0RQi8vearvU0oov1WW3k0WZPBMrTQVqekSX5CjSG/M4Q3i6A/0FKXC7RyAoAUUSPw==",
      "license": "MIT"
    },
    "node_modules/sortablejs": {
      "version": "1.15.3",
      "license": "MIT"
    },
    "node_modules/stimulus": {
      "version": "3.2.2",
      "license": "MIT",
      "dependencies": {
        "@hotwired/stimulus": "^3.2.2",
        "@hotwired/stimulus-webpack-helpers": "^1.0.0"
      }
    }
  }
}
